
Microsoft Visual Studio Solution File, Format Version 12.00
# Visual Studio 15
VisualStudioVersion = 15.0.28307.757
MinimumVisualStudioVersion = 10.0.40219.1
Project("{FAE04EC0-301F-11D3-BF4B-00C04F79EFBC}") = "webPrueba1", "webPrueba1\webPrueba1.csproj", "{3654D3FD-9286-437D-A883-DE4BC841A0D4}"
EndProject
Global
	GlobalSection(SolutionConfigurationPlatforms) = preSolution
		Debug|Any CPU = Debug|Any CPU
		Release|Any CPU = Release|Any CPU
	EndGlobalSection
	GlobalSection(ProjectConfigurationPlatforms) = postSolution
		{3654D3FD-9286-437D-A883-DE4BC841A0D4}.Debug|Any CPU.ActiveCfg = Debug|Any CPU
		{3654D3FD-9286-437D-A883-DE4BC841A0D4}.Debug|Any CPU.Build.0 = Debug|Any CPU
		{3654D3FD-9286-437D-A883-DE4BC841A0D4}.Release|Any CPU.ActiveCfg = Release|Any CPU
		{3654D3FD-9286-437D-A883-DE4BC841A0D4}.Release|Any CPU.Build.0 = Release|Any CPU
	EndGlobalSection
	GlobalSection(SolutionProperties) = preSolution
		HideSolutionNode = FALSE
	EndGlobalSection
	GlobalSection(ExtensibilityGlobals) = postSolution
		SolutionGuid = {87341914-8A07-49CB-B59A-7044C54FEA3E}
	EndGlobalSection
EndGlobal
